
Microsoft Visual Studio Solution File, Format Version 12.00
# Visual Studio Version 17
VisualStudioVersion = 17.4.33213.308
MinimumVisualStudioVersion = 10.0.40219.1
Project("{FAE04EC0-301F-11D3-BF4B-00C04F79EFBC}") = "A2MistryR", "A2MistryR\A2MistryR.csproj", "{0B3EE861-4662-44A7-90BF-510246519116}"
EndProject
Global
	GlobalSection(SolutionConfigurationPlatforms) = preSolution
		Debug|Any CPU = Debug|Any CPU
		Release|Any CPU = Release|Any CPU
	EndGlobalSection
	GlobalSection(ProjectConfigurationPlatforms) = postSolution
		{0B3EE861-4662-44A7-90BF-510246519116}.Debug|Any CPU.ActiveCfg = Debug|Any CPU
		{0B3EE861-4662-44A7-90BF-510246519116}.Debug|Any CPU.Build.0 = Debug|Any CPU
		{0B3EE861-4662-44A7-90BF-510246519116}.Release|Any CPU.ActiveCfg = Release|Any CPU
		{0B3EE861-4662-44A7-90BF-510246519116}.Release|Any CPU.Build.0 = Release|Any CPU
	EndGlobalSection
	GlobalSection(SolutionProperties) = preSolution
		HideSolutionNode = FALSE
	EndGlobalSection
	GlobalSection(ExtensibilityGlobals) = postSolution
		SolutionGuid = {337F4A55-8EBA-43F2-9C93-E15B24D09C64}
	EndGlobalSection
EndGlobal
